DEPENDENCIES
  boxy-rails
    path: .
    metadata: true
  delayed_job
    git: git://github.com/bigbinary/boxy-delayed-job.git
    revision: a8c5ed4a41ad8c19ea020601a1901cbb4a641356

GRAPH
  7-zip (1.0.2)
    windows (>= 1.2.2)
  apt (2.7.0)
  ark (0.9.0)
    7-zip (>= 0.0.0)
    windows (>= 0.0.0)
  bluepill (2.3.1)
    rsyslog (>= 0.0.0)
  boxy-rails (0.1.10)
    apt (>= 0.0.0)
    database (~> 4.0.3)
    datadog (>= 0.0.0)
    delayed_job (>= 0.0.0)
    imagemagick (>= 0.0.0)
    logrotate (>= 0.0.0)
    memcached (>= 0.0.0)
    monit (>= 0.0.0)
    mysql (~> 6.0)
    mysql2_chef_gem (>= 0.0.0)
    nginx (>= 0.0.0)
    nodejs (>= 0.0.0)
    postfix (>= 0.0.0)
    postgresql (>= 0.0.0)
    rbenv (>= 0.0.0)
    redis (>= 0.0.0)
    sudo (>= 0.0.0)
    unicorn (>= 0.0.0)
    yum-epel (>= 0.0.0)
  build-essential (2.2.3)
  chef-sugar (3.1.0)
  chef_handler (1.1.9)
  database (4.0.6)
    postgresql (>= 1.0.0)
  datadog (2.1.0)
    apt (>= 0.0.0)
    chef_handler (~> 1.1.0)
    yum (>= 0.0.0)
  delayed_job (0.1.1)
    boxy-rails (>= 0.0.0)
    monit (>= 0.0.0)
    rbenv (>= 0.0.0)
  dmg (2.2.2)
  git (4.2.2)
    build-essential (>= 0.0.0)
    dmg (>= 0.0.0)
    windows (>= 0.0.0)
    yum-epel (>= 0.0.0)
  homebrew (1.12.0)
    build-essential (>= 2.1.2)
  imagemagick (0.2.3)
  install_from (3.0.4)
  logrotate (1.9.1)
  mariadb (0.3.0)
    apt (>= 0.0.0)
    yum (>= 0.0.0)
    yum-epel (>= 0.0.0)
  memcached (1.7.2)
    runit (~> 1.0)
    yum (~> 3.0)
    yum-epel (>= 0.0.0)
  metachef (3.0.4)
  monit (0.7.5)
  mysql (6.0.22)
    smf (>= 0.0.0)
    yum-mysql-community (>= 0.0.0)
  mysql2_chef_gem (1.0.1)
    build-essential (>= 0.0.0)
    mariadb (>= 0.0.0)
    mysql (>= 0.0.0)
  nginx (2.7.6)
    apt (~> 2.2)
    bluepill (~> 2.3)
    build-essential (~> 2.0)
    ohai (~> 2.0)
    runit (~> 1.2)
    yum-epel (~> 0.3)
  nodejs (2.4.0)
    apt (>= 0.0.0)
    ark (>= 0.0.0)
    build-essential (>= 0.0.0)
    homebrew (>= 0.0.0)
    yum-epel (>= 0.0.0)
  ohai (2.0.1)
  openssl (4.0.0)
    chef-sugar (>= 0.0.0)
  packagecloud (0.0.18)
  postfix (3.6.2)
  postgresql (3.4.20)
    apt (>= 1.9.0)
    build-essential (>= 0.0.0)
    openssl (~> 4.0.0)
  rbac (1.0.3)
  rbenv (1.7.1)
    apt (>= 0.0.0)
    build-essential (>= 0.0.0)
    git (>= 0.0.0)
    ohai (>= 1.1)
  redis (3.0.4)
    install_from (>= 0.0.0)
    metachef (>= 0.0.0)
    runit (>= 0.0.0)
  rsyslog (2.0.0)
  runit (1.6.0)
    packagecloud (>= 0.0.0)
  smf (2.2.7)
    rbac (>= 1.0.1)
  sudo (2.7.1)
  unicorn (2.0.0)
  windows (1.37.0)
    chef_handler (>= 0.0.0)
  yum (3.6.0)
  yum-epel (0.6.0)
    yum (~> 3.0)
  yum-mysql-community (0.1.17)
    yum (>= 3.0)
